{
  "name": "elm-spec-core",
  "version": "1.0.0",
  "lockfileVersion": 1,
  "requires": true,
  "dependencies": {
    "@sinonjs/commons": {
      "version": "1.6.0",
      "resolved": "https://registry.npmjs.org/@sinonjs/commons/-/commons-1.6.0.tgz",
      "integrity": "sha512-w4/WHG7C4WWFyE5geCieFJF6MZkbW4VAriol5KlmQXpAQdxvV0p26sqNZOW6Qyw6Y0l9K4g+cHvvczR2sEEpqg==",
      "requires": {
        "type-detect": "4.0.8"
      }
    },
    "@sinonjs/formatio": {
      "version": "3.2.1",
      "resolved": "https://registry.npmjs.org/@sinonjs/formatio/-/formatio-3.2.1.tgz",
      "integrity": "sha512-tsHvOB24rvyvV2+zKMmPkZ7dXX6LSLKZ7aOtXY6Edklp0uRcgGpOsQTTGTcWViFyx4uhWc6GV8QdnALbIbIdeQ==",
      "requires": {
        "@sinonjs/commons": "^1",
        "@sinonjs/samsam": "^3.1.0"
      }
    },
    "@sinonjs/samsam": {
      "version": "3.3.3",
      "resolved": "https://registry.npmjs.org/@sinonjs/samsam/-/samsam-3.3.3.tgz",
      "integrity": "sha512-bKCMKZvWIjYD0BLGnNrxVuw4dkWCYsLqFOUWw8VgKF/+5Y+mE7LfHWPIYoDXowH+3a9LsWDMo0uAP8YDosPvHQ==",
      "requires": {
        "@sinonjs/commons": "^1.3.0",
        "array-from": "^2.1.1",
        "lodash": "^4.17.15"
      }
    },
    "@sinonjs/text-encoding": {
      "version": "0.7.1",
      "resolved": "https://registry.npmjs.org/@sinonjs/text-encoding/-/text-encoding-0.7.1.tgz",
      "integrity": "sha512-+iTbntw2IZPb/anVDbypzfQa+ay64MW0Zo8aJ8gZPWMMK6/OubMVb6lUPMagqjOPnmtauXnFCACVl3O7ogjeqQ=="
    },
    "array-from": {
      "version": "2.1.1",
      "resolved": "https://registry.npmjs.org/array-from/-/array-from-2.1.1.tgz",
      "integrity": "sha1-z+nYwmYoudxa7MYqn12PHzUsEZU="
    },
    "isarray": {
      "version": "0.0.1",
      "resolved": "https://registry.npmjs.org/isarray/-/isarray-0.0.1.tgz",
      "integrity": "sha1-ihis/Kmo9Bd+Cav8YDiTmwXR7t8="
    },
    "just-extend": {
      "version": "4.0.2",
      "resolved": "https://registry.npmjs.org/just-extend/-/just-extend-4.0.2.tgz",
      "integrity": "sha512-FrLwOgm+iXrPV+5zDU6Jqu4gCRXbWEQg2O3SKONsWE4w7AXFRkryS53bpWdaL9cNol+AmR3AEYz6kn+o0fCPnw=="
    },
    "lodash": {
      "version": "4.17.15",
      "resolved": "https://registry.npmjs.org/lodash/-/lodash-4.17.15.tgz",
      "integrity": "sha512-8xOcRHvCjnocdS5cpwXQXVzmmh5e5+saE2QGoeQmbKmRS6J3VQppPOIt0MnmE+4xlZoumy0GPG0D0MVIQbNA1A=="
    },
    "lolex": {
      "version": "4.2.0",
      "resolved": "https://registry.npmjs.org/lolex/-/lolex-4.2.0.tgz",
      "integrity": "sha512-gKO5uExCXvSm6zbF562EvM+rd1kQDnB9AZBbiQVzf1ZmdDpxUSvpnAaVOP83N/31mRK8Ml8/VE8DMvsAZQ+7wg=="
    },
    "nise": {
      "version": "1.5.2",
      "resolved": "https://registry.npmjs.org/nise/-/nise-1.5.2.tgz",
      "integrity": "sha512-/6RhOUlicRCbE9s+94qCUsyE+pKlVJ5AhIv+jEE7ESKwnbXqulKZ1FYU+XAtHHWE9TinYvAxDUJAb912PwPoWA==",
      "requires": {
        "@sinonjs/formatio": "^3.2.1",
        "@sinonjs/text-encoding": "^0.7.1",
        "just-extend": "^4.0.2",
        "lolex": "^4.1.0",
        "path-to-regexp": "^1.7.0"
      }
    },
    "path-to-regexp": {
      "version": "1.7.0",
      "resolved": "https://registry.npmjs.org/path-to-regexp/-/path-to-regexp-1.7.0.tgz",
      "integrity": "sha1-Wf3g9DW62suhA6hOnTvGTpa5k30=",
      "requires": {
        "isarray": "0.0.1"
      }
    },
    "type-detect": {
      "version": "4.0.8",
      "resolved": "https://registry.npmjs.org/type-detect/-/type-detect-4.0.8.tgz",
      "integrity": "sha512-0fr/mIH1dlO+x7TlcMy+bIDqKPsw/70tVyeHW787goQjhmqaZe10uwLujubK9q9Lg6Fiho1KUKDYz0Z7k7g5/g=="
    }
  }
}
